array 2026.3.2.3624 0
arith 2026.2.25.16982 0
builder 2026.3.6.22460 0
css 2026.3.6.28085 0
file 2026.3.2.3626 0
path 2026.2.22.9503 0
promise 2026.3.2.19579 0
pwa 2026.3.6.28628 0
result 2026.2.26.8765 0
str 2026.3.5.7804 0
widget 2026.3.6.6283 0
wasm.bats-packages.dev/bridge 2026.3.6.28078 0
wasm.bats-packages.dev/dom 2026.3.5.85779 0
arith 2026.2.25.16982 0
array 2026.3.2.3624 0
result 2026.2.26.8765 0
arith 2026.2.25.16982 0
array 2026.3.2.3624 0
result 2026.2.26.8765 0
arith 2026.2.25.16982 0
array 2026.3.2.3624 0
result 2026.2.26.8765 0
arith 2026.2.25.16982 0
array 2026.3.2.3624 0
result 2026.2.26.8765 0
arith 2026.2.25.16982 0
array 2026.3.2.3624 0
result 2026.2.26.8765 0
arith 2026.2.25.16982 0
array 2026.3.2.3624 0
result 2026.2.26.8765 0
arith 2026.2.25.16982 0
array 2026.3.2.3624 0
result 2026.2.26.8765 0
arith 2026.2.25.16982 0
array 2026.3.2.3624 0
result 2026.2.26.8765 0
arith 2026.2.25.16982 0
array 2026.3.2.3624 0
result 2026.2.26.8765 0
arith 2026.2.25.16982 0
array 2026.3.2.3624 0
result 2026.2.26.8765 0
