wasm.bats-packages.dev/bridge 2026.10.8.5455 5c5f137958623f4f7aac4eeb2994fd8b4f9210715393f8491e1e10d91f971de7
json 2026.10.6.64294 a81161bb51806441faa3bcdfc3dfd1aa30c962784e54ddcbfd7f514d7d86653d
promise 2026.10.2.48010 432cd75c70cdb2cdbedce4751c78714a55600fc2ff647f65c8587f4cc7fc959d
str 2026.9.27.2044 c40903796377e94685b58dd401c5d3adf9dd9a77d94f157e81f9bb78f21ec6d2
result 2026.9.27.25202 775ddd1d75cab66af3120427a71ce174ec74d47e894a85a0bc2319052cddcab1
path 2026.9.27.25138 d9c01123796f41d9b3dbc597c8a09779dbdfb4ce4da503a72b98430379bcdff9
file 2026.10.2.48007 1353a9663cc92ff4ec898e4e541ee1191b85d1f1b6ee2daaa1369b3b3340d745
builder 2026.9.27.47079 9c20ccf8ffbaca7e2149b8a505d6e7687206e20e4c94c0027741156f84698524
arith 2026.10.8.15362 8f4486515ad8b4eeaf989c779e42acc980e354563cbb7caf1fdc1a0f3522dd94
array 2026.10.8.23791 f0f2f05b0c0cc119916f26a76a9f19f90f7ae46446b69e25d32169353d34a4b5
